
Microsoft Visual Studio Solution File, Format Version 12.00
# Visual Studio 15
VisualStudioVersion = 15.0.28307.1525
MinimumVisualStudioVersion = 10.0.40219.1
Project("{FAE04EC0-301F-11D3-BF4B-00C04F79EFBC}") = "ProyectoPuntoVenta", "ProyectoPuntoVenta\ProyectoPuntoVenta.csproj", "{FA1B9AC9-71CC-4293-8FB1-A1147F8C8EFE}"
EndProject
Global
	GlobalSection(SolutionConfigurationPlatforms) = preSolution
		Debug|Any CPU = Debug|Any CPU
		Release|Any CPU = Release|Any CPU
	EndGlobalSection
	GlobalSection(ProjectConfigurationPlatforms) = postSolution
		{FA1B9AC9-71CC-4293-8FB1-A1147F8C8EFE}.Debug|Any CPU.ActiveCfg = Debug|Any CPU
		{FA1B9AC9-71CC-4293-8FB1-A1147F8C8EFE}.Debug|Any CPU.Build.0 = Debug|Any CPU
		{FA1B9AC9-71CC-4293-8FB1-A1147F8C8EFE}.Release|Any CPU.ActiveCfg = Release|Any CPU
		{FA1B9AC9-71CC-4293-8FB1-A1147F8C8EFE}.Release|Any CPU.Build.0 = Release|Any CPU
	EndGlobalSection
	GlobalSection(SolutionProperties) = preSolution
		HideSolutionNode = FALSE
	EndGlobalSection
	GlobalSection(ExtensibilityGlobals) = postSolution
		SolutionGuid = {DCD2A80A-AF4E-4F62-B16C-850FFD729199}
	EndGlobalSection
EndGlobal
